<Project xmlns="http://schemas.microsoft.com/developer/msbuild/2003">
    <PropertyGroup>
        <ProjectGuid>{7D2B0521-AAFE-45B6-ADB6-CC4C6E36356E}</ProjectGuid>
        <ProjectVersion>15.3</ProjectVersion>
        <FrameworkType>FMX</FrameworkType>
        <MainSource>TestingVCLToFireMonkeyFormConvtr.dpr</MainSource>
        <Base>True</Base>
        <Config Condition="'$(Config)'==''">Debug</Config>
        <Platform Condition="'$(Platform)'==''">Win32</Platform>
        <TargetedPlatforms>1</TargetedPlatforms>
        <AppType>Application</AppType>
        <Platform>Win32</Platform>
        <DCC_DCCCompiler>DCC32</DCC_DCCCompiler>
    </PropertyGroup>
    <PropertyGroup Condition="'$(Config)'=='Base' or '$(Base)'!=''">
        <Base>true</Base>
    </PropertyGroup>
    <PropertyGroup Condition="('$(Platform)'=='OSX32' and '$(Base)'=='true') or '$(Base_OSX32)'!=''">
        <Base_OSX32>true</Base_OSX32>
        <CfgParent>Base</CfgParent>
        <Base>true</Base>
    </PropertyGroup>
    <PropertyGroup Condition="'$(Config)'=='Debug' or '$(Cfg_1)'!=''">
        <Cfg_1>true</Cfg_1>
        <CfgParent>Base</CfgParent>
        <Base>true</Base>
    </PropertyGroup>
    <PropertyGroup Condition="('$(Platform)'=='Win32' and '$(Cfg_1)'=='true') or '$(Cfg_1_Win32)'!=''">
        <Cfg_1_Win32>true</Cfg_1_Win32>
        <CfgParent>Cfg_1</CfgParent>
        <Cfg_1>true</Cfg_1>
        <Base>true</Base>
    </PropertyGroup>
    <PropertyGroup Condition="'$(Config)'=='Release' or '$(Cfg_2)'!=''">
        <Cfg_2>true</Cfg_2>
        <CfgParent>Base</CfgParent>
        <Base>true</Base>
    </PropertyGroup>
    <PropertyGroup Condition="('$(Platform)'=='OSX32' and '$(Cfg_2)'=='true') or '$(Cfg_2_OSX32)'!=''">
        <Cfg_2_OSX32>true</Cfg_2_OSX32>
        <CfgParent>Cfg_2</CfgParent>
        <Cfg_2>true</Cfg_2>
        <Base>true</Base>
    </PropertyGroup>
    <PropertyGroup Condition="'$(Base)'!=''">
        <DCC_Define>FMXApplication;$(DCC_Define)</DCC_Define>
        <DCC_UnitSearchPath>..\..\..\Delphi 3_5 Source Code\LibraryV3;..\..\..\Delphi 3_5 Source Code\LibraryV3\FMXLib;..\..\..\DelphiXE2Projects\FireMonkey\Components\PackageFile;$(DCC_UnitSearchPath)</DCC_UnitSearchPath>
        <VerInfo_Keys>CompanyName=;FileDescription=;FileVersion=1.0.0.0;InternalName=;LegalCopyright=;LegalTrademarks=;OriginalFilename=;ProductName=;ProductVersion=1.0.0.0;Comments=</VerInfo_Keys>
        <Manifest_File>None</Manifest_File>
        <VerInfo_Locale>3081</VerInfo_Locale>
        <DCC_UsePackage>bindcompfmx;fmx;rtl;dbrtl;bindcomp;DbxClientDriver;DBXInterBaseDriver;xmlrtl;DbxCommonDriver;DBXMySQLDriver;dbxcds;bindengine;dsnap;fmxase;inet;fmxobj;fmxdae;dbexpress;$(DCC_UsePackage)</DCC_UsePackage>
        <Icon_MainIcon>$(BDS)\bin\delphi_PROJECTICON.ico</Icon_MainIcon>
        <DCC_Namespace>System;Xml;Data;Datasnap;Web;Soap;$(DCC_Namespace)</DCC_Namespace>
        <DCC_DcuOutput>C:\FireMonkeyDcus\$(Platform)\$(Config)</DCC_DcuOutput>
        <DCC_ExeOutput>C:\Xe2Exes\$(Platform)\$(Config)</DCC_ExeOutput>
        <DCC_E>false</DCC_E>
        <DCC_N>false</DCC_N>
        <DCC_S>false</DCC_S>
        <DCC_F>false</DCC_F>
        <DCC_K>false</DCC_K>
    </PropertyGroup>
    <PropertyGroup Condition="'$(Base_OSX32)'!=''">
        <Icns_MainIcns>$(BDS)\bin\delphi_PROJECTICNS.icns</Icns_MainIcns>
    </PropertyGroup>
    <PropertyGroup Condition="'$(Cfg_1)'!=''">
        <DCC_Define>DEBUG;$(DCC_Define)</DCC_Define>
        <DCC_Optimize>false</DCC_Optimize>
        <DCC_GenerateStackFrames>true</DCC_GenerateStackFrames>
        <DCC_DebugInfoInExe>true</DCC_DebugInfoInExe>
        <DCC_RemoteDebug>true</DCC_RemoteDebug>
    </PropertyGroup>
    <PropertyGroup Condition="'$(Cfg_1_Win32)'!=''">
        <DCC_IMPLICIT_STRING_CAST_LOSS>false</DCC_IMPLICIT_STRING_CAST_LOSS>
        <DCC_IMPLICIT_STRING_CAST>false</DCC_IMPLICIT_STRING_CAST>
    </PropertyGroup>
    <PropertyGroup Condition="'$(Cfg_2)'!=''">
        <DCC_LocalDebugSymbols>false</DCC_LocalDebugSymbols>
        <DCC_Define>RELEASE;$(DCC_Define)</DCC_Define>
        <DCC_SymbolReferenceInfo>0</DCC_SymbolReferenceInfo>
        <DCC_DebugInformation>0</DCC_DebugInformation>
    </PropertyGroup>
    <PropertyGroup Condition="'$(Cfg_2_OSX32)'!=''">
        <Icns_MainIcns>$(BDS)\bin\delphi_PROJECTICNS.icns</Icns_MainIcns>
    </PropertyGroup>
    <ItemGroup>
        <DelphiCompile Include="$(MainSource)">
            <MainSource>MainSource</MainSource>
        </DelphiCompile>
        <DCCReference Include="..\DFMToFMXFM.pas">
            <Form>DFMtoFMXConvert</Form>
        </DCCReference>
        <DCCReference Include="..\..\..\..\Delphi 3_5 Source Code\LibraryV3\IsArrayLib.pas"/>
        <DCCReference Include="..\CvtrObj.pas"/>
        <DCCReference Include="..\..\..\..\Delphi 3_5 Source Code\LibraryV3\IsUnicodeStrUtl.pas"/>
        <DCCReference Include="..\..\..\..\Delphi 3_5 Source Code\LibraryV3\IsProcCl.pas"/>
        <DCCReference Include="..\..\..\..\Delphi 3_5 Source Code\LibraryV3\FmxLib\ISDlgUsrPwdFMX.pas">
            <Form>GetUserPasswordDlg</Form>
        </DCCReference>
        <DCCReference Include="..\TestFporm.pas">
            <Form>testCnvterFM</Form>
            <FormType>fmx</FormType>
        </DCCReference>
        <DCCReference Include="..\..\..\..\Delphi 3_5 Source Code\LibraryV3\FmxLib\ISDlgDataEntryFMX.pas">
            <Form>DlgtVerifiyData</Form>
        </DCCReference>
        <DCCReference Include="..\..\..\..\Delphi 3_5 Source Code\LibraryV3\FmxLib\FmIsGeneralReportFMX.pas">
            <Form>FormISGeneralReport</Form>
        </DCCReference>
        <DCCReference Include="..\..\..\..\Delphi 3_5 Source Code\LibraryV3\FmxLib\ISDlgAboutFMX.pas">
            <Form>AboutInnovaSolutions</Form>
        </DCCReference>
        <DCCReference Include="..\..\..\..\Delphi 3_5 Source Code\LibraryV3\FmxLib\ISFormUtilFMX.pas"/>
        <DCCReference Include="..\..\..\..\Delphi 3_5 Source Code\LibraryV3\ISFMXStringGridUtils.pas"/>
        <DCCReference Include="..\..\..\..\Delphi 3_5 Source Code\LibraryV3\FMXLib\ISDlgFindFromDbIndexFMX.pas">
            <Form>DlgDbIdxSelectForm</Form>
        </DCCReference>
        <DCCReference Include="..\..\..\..\Delphi 3_5 Source Code\LibraryV3\ISDbGeneralObj.pas"/>
        <DCCReference Include="..\..\..\..\Delphi 3_5 Source Code\LibraryV3\ISMultiUserRemoteDb.pas"/>
        <DCCReference Include="..\..\..\..\Delphi 3_5 Source Code\LibraryV3\IsMultiUserPermObjFileStm.pas"/>
        <DCCReference Include="..\..\..\..\Delphi 3_5 Source Code\LibraryV3\ISStrUtl.pas"/>
        <DCCReference Include="..\..\..\..\Delphi 3_5 Source Code\LibraryV3\ISPermObjFileStm.pas"/>
        <DCCReference Include="..\..\..\..\Delphi 3_5 Source Code\LibraryV3\IsSecurity.pas"/>
        <DCCReference Include="c:\program files\embarcadero\rad studio\9.0\source\fmx\FMX.Grid.pas"/>
        <DCCReference Include="..\..\..\..\Delphi 3_5 Source Code\LibraryV3\FmxLib\IsDlgUsrPwdVerifyFMX.pas">
            <Form>UserPasswordVerifyDlg</Form>
        </DCCReference>
        <DCCReference Include="..\..\..\..\Delphi 3_5 Source Code\LibraryV3\FmxLib\ISDlgAuthorizeEditFMX.pas">
            <Form>SoftwareLicenceDlg</Form>
        </DCCReference>
        <DCCReference Include="..\..\..\..\Delphi 3_5 Source Code\LibraryV3\ISGeneralBaseForm.pas"/>
        <DCCReference Include="..\..\..\..\Delphi 3_5 Source Code\LibraryV3\ISLibFmxFrmwrk.pas"/>
        <DCCReference Include="..\TestDialog.pas">
            <Form>DlgTestFMXLib</Form>
        </DCCReference>
        <DCCReference Include="c:\program files\embarcadero\rad studio\9.0\source\fmx\FMX.Controls.pas"/>
        <DCCReference Include="c:\program files\embarcadero\rad studio\9.0\source\fmx\FMX.Types.pas"/>
        <DCCReference Include="C:\Program Files\Embarcadero\RAD Studio\9.0\source\fmx\FMX.Layers3D.pas"/>
        <DCCReference Include="c:\program files\embarcadero\rad studio\9.0\source\fmx\FMX.Forms.pas"/>
        <DCCReference Include="c:\program files\embarcadero\rad studio\9.0\source\fmx\FMX.Objects.pas"/>
        <DCCReference Include="..\..\Components\PackageFile\IsBitButton.pas"/>
        <DCCReference Include="..\..\Components\PackageFile\IsAdvStringGrid.pas"/>
        <DCCReference Include="c:\program files\embarcadero\rad studio\9.0\source\rtl\common\System.Classes.pas"/>
        <None Include="C:\Xe2Exes\Win32\Debug\VCLToFireMonkeyFormConvtr.ini"/>
        <BuildConfiguration Include="Release">
            <Key>Cfg_2</Key>
            <CfgParent>Base</CfgParent>
        </BuildConfiguration>
        <BuildConfiguration Include="Base">
            <Key>Base</Key>
        </BuildConfiguration>
        <BuildConfiguration Include="Debug">
            <Key>Cfg_1</Key>
            <CfgParent>Base</CfgParent>
        </BuildConfiguration>
    </ItemGroup>
    <Import Condition="Exists('$(BDS)\Bin\CodeGear.Delphi.Targets')" Project="$(BDS)\Bin\CodeGear.Delphi.Targets"/>
    <Import Condition="Exists('$(APPDATA)\Embarcadero\$(BDSAPPDATABASEDIR)\8.0\UserTools.proj')" Project="$(APPDATA)\Embarcadero\$(BDSAPPDATABASEDIR)\8.0\UserTools.proj"/>
    <ProjectExtensions>
        <Borland.Personality>Delphi.Personality.12</Borland.Personality>
        <Borland.ProjectType/>
        <BorlandProject>
            <Delphi.Personality>
                <VersionInfo>
                    <VersionInfo Name="IncludeVerInfo">True</VersionInfo>
                    <VersionInfo Name="AutoIncBuild">False</VersionInfo>
                    <VersionInfo Name="MajorVer">1</VersionInfo>
                    <VersionInfo Name="MinorVer">0</VersionInfo>
                    <VersionInfo Name="Release">0</VersionInfo>
                    <VersionInfo Name="Build">0</VersionInfo>
                    <VersionInfo Name="Debug">False</VersionInfo>
                    <VersionInfo Name="PreRelease">False</VersionInfo>
                    <VersionInfo Name="Special">False</VersionInfo>
                    <VersionInfo Name="Private">False</VersionInfo>
                    <VersionInfo Name="DLL">False</VersionInfo>
                    <VersionInfo Name="Locale">3081</VersionInfo>
                    <VersionInfo Name="CodePage">1252</VersionInfo>
                </VersionInfo>
                <VersionInfoKeys>
                    <VersionInfoKeys Name="CompanyName"/>
                    <VersionInfoKeys Name="FileDescription"/>
                    <VersionInfoKeys Name="FileVersion">1.0.0.0</VersionInfoKeys>
                    <VersionInfoKeys Name="InternalName"/>
                    <VersionInfoKeys Name="LegalCopyright"/>
                    <VersionInfoKeys Name="LegalTrademarks"/>
                    <VersionInfoKeys Name="OriginalFilename"/>
                    <VersionInfoKeys Name="ProductName"/>
                    <VersionInfoKeys Name="ProductVersion">1.0.0.0</VersionInfoKeys>
                    <VersionInfoKeys Name="Comments"/>
                </VersionInfoKeys>
                <Source>
                    <Source Name="MainSource">TestingVCLToFireMonkeyFormConvtr.dpr</Source>
                </Source>
                <Excluded_Packages/>
            </Delphi.Personality>
            <Deployment/>
            <Platforms>
                <Platform value="OSX32">False</Platform>
                <Platform value="Win32">True</Platform>
                <Platform value="Win64">False</Platform>
            </Platforms>
            <ModelSupport>False</ModelSupport>
        </BorlandProject>
        <ProjectFileVersion>12</ProjectFileVersion>
    </ProjectExtensions>
    <Import Condition="Exists('$(APPDATA)\Embarcadero\$(BDSAPPDATABASEDIR)\$(PRODUCTVERSION)\UserTools.proj')" Project="$(APPDATA)\Embarcadero\$(BDSAPPDATABASEDIR)\$(PRODUCTVERSION)\UserTools.proj"/>
</Project>
